lockfileVersion: '9.0'

settings:
  autoInstallPeers: true
  excludeLinksFromLockfile: false

importers:

  .:
    devDependencies:
      assemblyscript:
        specifier: ^0.27.35
        version: 0.27.35

packages:

  assemblyscript@0.27.35:
    resolution: {integrity: sha512-aAhrje38eLG7IWvF4jbKUeUcPAfE91gVPBcgcS/ZoNWLD3AjdZUyDNTmEajK2xDlq0vAn5ZiSIdNyHFPfE5JiQ==}
    engines: {node: '>=18', npm: '>=10'}
    hasBin: true

  binaryen@116.0.0-nightly.20240114:
    resolution: {integrity: sha512-0GZrojJnuhoe+hiwji7QFaL3tBlJoA+KFUN7ouYSDGZLSo9CKM8swQX8n/UcbR0d1VuZKU+nhogNzv423JEu5A==}
    hasBin: true

  long@5.3.2:
    resolution: {integrity: sha512-mNAgZ1GmyNhD7AuqnTG3/VQ26o760+ZYBPKjPvugO8+nLbYfX6TVpJPseBvopbdY+qpZ/lKUnmEc1LeZYS3QAA==}

snapshots:

  assemblyscript@0.27.35:
    dependencies:
      binaryen: 116.0.0-nightly.20240114
      long: 5.3.2

  binaryen@116.0.0-nightly.20240114: {}

  long@5.3.2: {}
